
Microsoft Visual Studio Solution File, Format Version 12.00
# Visual Studio Version 17
VisualStudioVersion = 17.8.34330.188
MinimumVisualStudioVersion = 10.0.40219.1
Project("{FAE04EC0-301F-11D3-BF4B-00C04F79EFBC}") = "bookstore_api", "bookstore_api.csproj", "{73FF66A8-A874-458C-B610-86A009F541C9}"
EndProject
Global
	GlobalSection(SolutionConfigurationPlatforms) = preSolution
		Debug|Any CPU = Debug|Any CPU
		Release|Any CPU = Release|Any CPU
	EndGlobalSection
	GlobalSection(ProjectConfigurationPlatforms) = postSolution
		{73FF66A8-A874-458C-B610-86A009F541C9}.Debug|Any CPU.ActiveCfg = Debug|Any CPU
		{73FF66A8-A874-458C-B610-86A009F541C9}.Debug|Any CPU.Build.0 = Debug|Any CPU
		{73FF66A8-A874-458C-B610-86A009F541C9}.Release|Any CPU.ActiveCfg = Release|Any CPU
		{73FF66A8-A874-458C-B610-86A009F541C9}.Release|Any CPU.Build.0 = Release|Any CPU
	EndGlobalSection
	GlobalSection(SolutionProperties) = preSolution
		HideSolutionNode = FALSE
	EndGlobalSection
	GlobalSection(ExtensibilityGlobals) = postSolution
		SolutionGuid = {55BF11D2-E853-4493-AB7C-4536BCFD0316}
	EndGlobalSection
EndGlobal
